
Microsoft Visual Studio Solution File, Format Version 12.00
# Visual Studio Version 17
VisualStudioVersion = 17.9.34728.123
MinimumVisualStudioVersion = 10.0.40219.1
Project("{FAE04EC0-301F-11D3-BF4B-00C04F79EFBC}") = "POO", "POO\POO.csproj", "{CABF3856-BE9F-47A7-841D-8816D97C910A}"
EndProject
Project("{00D1A9C2-B5F0-4AF3-8072-F6C62B433612}") = "Student", "Student\Student.sqlproj", "{6924E814-317F-486A-818E-022F7DBE0E67}"
EndProject
Global
	GlobalSection(SolutionConfigurationPlatforms) = preSolution
		Debug|Any CPU = Debug|Any CPU
		Release|Any CPU = Release|Any CPU
	EndGlobalSection
	GlobalSection(ProjectConfigurationPlatforms) = postSolution
		{CABF3856-BE9F-47A7-841D-8816D97C910A}.Debug|Any CPU.ActiveCfg = Debug|Any CPU
		{CABF3856-BE9F-47A7-841D-8816D97C910A}.Debug|Any CPU.Build.0 = Debug|Any CPU
		{CABF3856-BE9F-47A7-841D-8816D97C910A}.Release|Any CPU.ActiveCfg = Release|Any CPU
		{CABF3856-BE9F-47A7-841D-8816D97C910A}.Release|Any CPU.Build.0 = Release|Any CPU
		{6924E814-317F-486A-818E-022F7DBE0E67}.Debug|Any CPU.ActiveCfg = Debug|Any CPU
		{6924E814-317F-486A-818E-022F7DBE0E67}.Debug|Any CPU.Build.0 = Debug|Any CPU
		{6924E814-317F-486A-818E-022F7DBE0E67}.Debug|Any CPU.Deploy.0 = Debug|Any CPU
		{6924E814-317F-486A-818E-022F7DBE0E67}.Release|Any CPU.ActiveCfg = Release|Any CPU
		{6924E814-317F-486A-818E-022F7DBE0E67}.Release|Any CPU.Build.0 = Release|Any CPU
		{6924E814-317F-486A-818E-022F7DBE0E67}.Release|Any CPU.Deploy.0 = Release|Any CPU
	EndGlobalSection
	GlobalSection(SolutionProperties) = preSolution
		HideSolutionNode = FALSE
	EndGlobalSection
	GlobalSection(ExtensibilityGlobals) = postSolution
		SolutionGuid = {B7BA620E-29C8-4595-A720-2D1139AC0AA3}
	EndGlobalSection
EndGlobal
